
Microsoft Visual Studio Solution File, Format Version 12.00
# Visual Studio Version 17
VisualStudioVersion = 17.5.33627.172
MinimumVisualStudioVersion = 10.0.40219.1
Project("{FAE04EC0-301F-11D3-BF4B-00C04F79EFBC}") = "GK3", "GK3\GK3.csproj", "{628E325C-A1E6-46CC-9035-446E444970FE}"
EndProject
Global
	GlobalSection(SolutionConfigurationPlatforms) = preSolution
		Debug|Any CPU = Debug|Any CPU
		Release|Any CPU = Release|Any CPU
	EndGlobalSection
	GlobalSection(ProjectConfigurationPlatforms) = postSolution
		{628E325C-A1E6-46CC-9035-446E444970FE}.Debug|Any CPU.ActiveCfg = Debug|Any CPU
		{628E325C-A1E6-46CC-9035-446E444970FE}.Debug|Any CPU.Build.0 = Debug|Any CPU
		{628E325C-A1E6-46CC-9035-446E444970FE}.Release|Any CPU.ActiveCfg = Release|Any CPU
		{628E325C-A1E6-46CC-9035-446E444970FE}.Release|Any CPU.Build.0 = Release|Any CPU
	EndGlobalSection
	GlobalSection(SolutionProperties) = preSolution
		HideSolutionNode = FALSE
	EndGlobalSection
	GlobalSection(ExtensibilityGlobals) = postSolution
		SolutionGuid = {24AA85C9-FF14-4DA4-985F-E55A502A46D3}
	EndGlobalSection
EndGlobal
